
Microsoft Visual Studio Solution File, Format Version 12.00
# Visual Studio Version 17
VisualStudioVersion = 17.9.34607.119
MinimumVisualStudioVersion = 10.0.40219.1
Project("{FAE04EC0-301F-11D3-BF4B-00C04F79EFBC}") = "LegacyApp.Consumer", "LegacyApp.Consumer\LegacyApp.Consumer.csproj", "{44084DB4-108F-4C78-8BA6-7947C621BC37}"
EndProject
Project("{FAE04EC0-301F-11D3-BF4B-00C04F79EFBC}") = "LegacyApp", "LegacyApp\LegacyApp.csproj", "{7EBE48CD-C6C4-49A1-BC71-3AEFA661FE68}"
EndProject
Global
	GlobalSection(SolutionConfigurationPlatforms) = preSolution
		Debug|Any CPU = Debug|Any CPU
		Release|Any CPU = Release|Any CPU
	EndGlobalSection
	GlobalSection(ProjectConfigurationPlatforms) = postSolution
		{44084DB4-108F-4C78-8BA6-7947C621BC37}.Debug|Any CPU.ActiveCfg = Debug|Any CPU
		{44084DB4-108F-4C78-8BA6-7947C621BC37}.Debug|Any CPU.Build.0 = Debug|Any CPU
		{44084DB4-108F-4C78-8BA6-7947C621BC37}.Release|Any CPU.ActiveCfg = Release|Any CPU
		{44084DB4-108F-4C78-8BA6-7947C621BC37}.Release|Any CPU.Build.0 = Release|Any CPU
		{7EBE48CD-C6C4-49A1-BC71-3AEFA661FE68}.Debug|Any CPU.ActiveCfg = Debug|Any CPU
		{7EBE48CD-C6C4-49A1-BC71-3AEFA661FE68}.Debug|Any CPU.Build.0 = Debug|Any CPU
		{7EBE48CD-C6C4-49A1-BC71-3AEFA661FE68}.Release|Any CPU.ActiveCfg = Release|Any CPU
		{7EBE48CD-C6C4-49A1-BC71-3AEFA661FE68}.Release|Any CPU.Build.0 = Release|Any CPU
	EndGlobalSection
	GlobalSection(SolutionProperties) = preSolution
		HideSolutionNode = FALSE
	EndGlobalSection
	GlobalSection(ExtensibilityGlobals) = postSolution
		SolutionGuid = {9BC1FD42-9618-4CA3-A853-6E0AAF736198}
	EndGlobalSection
EndGlobal
